
Microsoft Visual Studio Solution File, Format Version 12.00
# Visual Studio 2012
Project("{CC5FD16D-436D-48AD-A40C-5A424C6E3E79}") = "PersonSQLDatabase", "PersonSQLDatabase\PersonSQLDatabase.ccproj", "{66FB27C6-780B-4117-8D09-EE978F046E76}"
EndProject
Project("{FAE04EC0-301F-11D3-BF4B-00C04F79EFBC}") = "PersonSQLDatabase.WebRole", "PersonSQLDatabase.WebRole\PersonSQLDatabase.WebRole.csproj", "{23E85A8F-01FA-4105-BC67-6361ECBDB511}"
EndProject
Global
	GlobalSection(SolutionConfigurationPlatforms) = preSolution
		Debug|Any CPU = Debug|Any CPU
		Release|Any CPU = Release|Any CPU
	EndGlobalSection
	GlobalSection(ProjectConfigurationPlatforms) = postSolution
		{66FB27C6-780B-4117-8D09-EE978F046E76}.Debug|Any CPU.ActiveCfg = Debug|Any CPU
		{66FB27C6-780B-4117-8D09-EE978F046E76}.Debug|Any CPU.Build.0 = Debug|Any CPU
		{66FB27C6-780B-4117-8D09-EE978F046E76}.Release|Any CPU.ActiveCfg = Release|Any CPU
		{66FB27C6-780B-4117-8D09-EE978F046E76}.Release|Any CPU.Build.0 = Release|Any CPU
		{23E85A8F-01FA-4105-BC67-6361ECBDB511}.Debug|Any CPU.ActiveCfg = Debug|Any CPU
		{23E85A8F-01FA-4105-BC67-6361ECBDB511}.Debug|Any CPU.Build.0 = Debug|Any CPU
		{23E85A8F-01FA-4105-BC67-6361ECBDB511}.Release|Any CPU.ActiveCfg = Release|Any CPU
		{23E85A8F-01FA-4105-BC67-6361ECBDB511}.Release|Any CPU.Build.0 = Release|Any CPU
	EndGlobalSection
	GlobalSection(SolutionProperties) = preSolution
		HideSolutionNode = FALSE
	EndGlobalSection
EndGlobal
